
Microsoft Visual Studio Solution File, Format Version 12.00
# Visual Studio Version 17
VisualStudioVersion = 17.4.32916.344
MinimumVisualStudioVersion = 10.0.40219.1
Project("{9A19103F-16F7-4668-BE54-9A1E7A4F7556}") = "MemoryIO", "MemoryIO.csproj", "{D196489D-C061-40BE-B10A-C7818D2A2D9D}"
EndProject
Global
	GlobalSection(SolutionConfigurationPlatforms) = preSolution
		Debug|Any CPU = Debug|Any CPU
		Release|Any CPU = Release|Any CPU
	EndGlobalSection
	GlobalSection(ProjectConfigurationPlatforms) = postSolution
		{D196489D-C061-40BE-B10A-C7818D2A2D9D}.Debug|Any CPU.ActiveCfg = Debug|Any CPU
		{D196489D-C061-40BE-B10A-C7818D2A2D9D}.Debug|Any CPU.Build.0 = Debug|Any CPU
		{D196489D-C061-40BE-B10A-C7818D2A2D9D}.Release|Any CPU.ActiveCfg = Release|Any CPU
		{D196489D-C061-40BE-B10A-C7818D2A2D9D}.Release|Any CPU.Build.0 = Release|Any CPU
	EndGlobalSection
	GlobalSection(SolutionProperties) = preSolution
		HideSolutionNode = FALSE
	EndGlobalSection
	GlobalSection(ExtensibilityGlobals) = postSolution
		SolutionGuid = {094B788C-91FC-4A0A-897D-7C12466DB00E}
	EndGlobalSection
EndGlobal
